
Microsoft Visual Studio Solution File, Format Version 12.00
# Visual Studio Version 16
VisualStudioVersion = 16.0.30114.105
MinimumVisualStudioVersion = 10.0.40219.1
Project("{2150E333-8FDC-42A3-9474-1A3956D46DE8}") = "Business", "Business", "{FCABB03F-4E6A-493B-BEF3-B5F05D1D1CF8}"
EndProject
Project("{2150E333-8FDC-42A3-9474-1A3956D46DE8}") = "Service", "Service", "{8193BD11-FBE0-4B9B-AFF0-6A5B76BB702C}"
EndProject
Project("{2150E333-8FDC-42A3-9474-1A3956D46DE8}") = "Data", "Data", "{26A8A72C-9D80-4BDE-BB81-B354BAC5BE8C}"
EndProject
Project("{2150E333-8FDC-42A3-9474-1A3956D46DE8}") = "Base", "Base", "{62A6A255-E95A-4EF7-8911-011DC2C69C65}"
EndProject
Project("{FAE04EC0-301F-11D3-BF4B-00C04F79EFBC}") = "Layers.Base", "layers.Base\Layers.Base.csproj", "{5EA72873-2627-4B72-A92F-810F48469B50}"
EndProject
Project("{FAE04EC0-301F-11D3-BF4B-00C04F79EFBC}") = "Layers.Data.Contracts", "Layers.Data.Contracts\Layers.Data.Contracts.csproj", "{E7FBC49F-872B-496A-ADE4-E24D26D3B3EA}"
EndProject
Project("{FAE04EC0-301F-11D3-BF4B-00C04F79EFBC}") = "Layers.Data.DataAccess", "Layers.Data.DataAccess\Layers.Data.DataAccess.csproj", "{DBA6D8BB-A4A1-4CF7-8D19-267438E9D64F}"
EndProject
Project("{2150E333-8FDC-42A3-9474-1A3956D46DE8}") = "Utilties", "Utilties", "{1DF1C426-4F05-41E7-8061-31771A9B5375}"
EndProject
Project("{FAE04EC0-301F-11D3-BF4B-00C04F79EFBC}") = "Layers.Utilities", "Layers.Utilities\Layers.Utilities.csproj", "{D9550AEA-383F-4EAD-889E-23EA8BA4768A}"
EndProject
Project("{2150E333-8FDC-42A3-9474-1A3956D46DE8}") = "Sync", "Sync", "{573126A2-2CC7-4B48-B66F-C6FA5E491F9E}"
EndProject
Project("{FAE04EC0-301F-11D3-BF4B-00C04F79EFBC}") = "SyncService", "SyncService\SyncService.csproj", "{40CF678A-742F-4C94-82FF-273C1E867D78}"
EndProject
Project("{FAE04EC0-301F-11D3-BF4B-00C04F79EFBC}") = "Layers.Business", "Layers.Business\Layers.Business.csproj", "{776C86F4-CC85-4145-B0B1-AA355015BDE5}"
EndProject
Project("{FAE04EC0-301F-11D3-BF4B-00C04F79EFBC}") = "Layers.Business.Contracts", "Layers.Business.Contracts\Layers.Business.Contracts.csproj", "{A7D6E979-0B94-424F-B3C5-AF0A7A0A8F33}"
EndProject
Project("{FAE04EC0-301F-11D3-BF4B-00C04F79EFBC}") = "Layers.Service", "Layers.Service\Layers.Service.csproj", "{2BA80CBD-4862-4463-A78B-E3663BB57102}"
EndProject
Project("{FAE04EC0-301F-11D3-BF4B-00C04F79EFBC}") = "Layers.Utilities.IOC", "Layers.Utilities.IOC\Layers.Utilities.IOC.csproj", "{8D320F62-8A52-4350-A106-F6C78B8DBE97}"
EndProject
Project("{2150E333-8FDC-42A3-9474-1A3956D46DE8}") = "DB", "DB", "{52DE6F8B-7EA3-4D97-9A1D-BFD40D6A1F34}"
	ProjectSection(SolutionItems) = preProject
		DBName.bak = DBName.bak
	EndProjectSection
EndProject
Project("{2150E333-8FDC-42A3-9474-1A3956D46DE8}") = "Backend", "Backend", "{6192879B-EC81-48BB-91EF-9737D4807809}"
EndProject
Project("{2150E333-8FDC-42A3-9474-1A3956D46DE8}") = "Frontend", "Frontend", "{28089767-A105-4867-94D6-CDCB3F4A08EB}"
EndProject
Global
	GlobalSection(SolutionConfigurationPlatforms) = preSolution
		Debug|Any CPU = Debug|Any CPU
		Release|Any CPU = Release|Any CPU
	EndGlobalSection
	GlobalSection(ProjectConfigurationPlatforms) = postSolution
		{5EA72873-2627-4B72-A92F-810F48469B50}.Debug|Any CPU.ActiveCfg = Debug|Any CPU
		{5EA72873-2627-4B72-A92F-810F48469B50}.Debug|Any CPU.Build.0 = Debug|Any CPU
		{5EA72873-2627-4B72-A92F-810F48469B50}.Release|Any CPU.ActiveCfg = Release|Any CPU
		{5EA72873-2627-4B72-A92F-810F48469B50}.Release|Any CPU.Build.0 = Release|Any CPU
		{E7FBC49F-872B-496A-ADE4-E24D26D3B3EA}.Debug|Any CPU.ActiveCfg = Debug|Any CPU
		{E7FBC49F-872B-496A-ADE4-E24D26D3B3EA}.Debug|Any CPU.Build.0 = Debug|Any CPU
		{E7FBC49F-872B-496A-ADE4-E24D26D3B3EA}.Release|Any CPU.ActiveCfg = Release|Any CPU
		{E7FBC49F-872B-496A-ADE4-E24D26D3B3EA}.Release|Any CPU.Build.0 = Release|Any CPU
		{DBA6D8BB-A4A1-4CF7-8D19-267438E9D64F}.Debug|Any CPU.ActiveCfg = Debug|Any CPU
		{DBA6D8BB-A4A1-4CF7-8D19-267438E9D64F}.Debug|Any CPU.Build.0 = Debug|Any CPU
		{DBA6D8BB-A4A1-4CF7-8D19-267438E9D64F}.Release|Any CPU.ActiveCfg = Release|Any CPU
		{DBA6D8BB-A4A1-4CF7-8D19-267438E9D64F}.Release|Any CPU.Build.0 = Release|Any CPU
		{D9550AEA-383F-4EAD-889E-23EA8BA4768A}.Debug|Any CPU.ActiveCfg = Debug|Any CPU
		{D9550AEA-383F-4EAD-889E-23EA8BA4768A}.Debug|Any CPU.Build.0 = Debug|Any CPU
		{D9550AEA-383F-4EAD-889E-23EA8BA4768A}.Release|Any CPU.ActiveCfg = Release|Any CPU
		{D9550AEA-383F-4EAD-889E-23EA8BA4768A}.Release|Any CPU.Build.0 = Release|Any CPU
		{40CF678A-742F-4C94-82FF-273C1E867D78}.Debug|Any CPU.ActiveCfg = Debug|Any CPU
		{40CF678A-742F-4C94-82FF-273C1E867D78}.Debug|Any CPU.Build.0 = Debug|Any CPU
		{40CF678A-742F-4C94-82FF-273C1E867D78}.Release|Any CPU.ActiveCfg = Release|Any CPU
		{40CF678A-742F-4C94-82FF-273C1E867D78}.Release|Any CPU.Build.0 = Release|Any CPU
		{776C86F4-CC85-4145-B0B1-AA355015BDE5}.Debug|Any CPU.ActiveCfg = Debug|Any CPU
		{776C86F4-CC85-4145-B0B1-AA355015BDE5}.Debug|Any CPU.Build.0 = Debug|Any CPU
		{776C86F4-CC85-4145-B0B1-AA355015BDE5}.Release|Any CPU.ActiveCfg = Release|Any CPU
		{776C86F4-CC85-4145-B0B1-AA355015BDE5}.Release|Any CPU.Build.0 = Release|Any CPU
		{A7D6E979-0B94-424F-B3C5-AF0A7A0A8F33}.Debug|Any CPU.ActiveCfg = Debug|Any CPU
		{A7D6E979-0B94-424F-B3C5-AF0A7A0A8F33}.Debug|Any CPU.Build.0 = Debug|Any CPU
		{A7D6E979-0B94-424F-B3C5-AF0A7A0A8F33}.Release|Any CPU.ActiveCfg = Release|Any CPU
		{A7D6E979-0B94-424F-B3C5-AF0A7A0A8F33}.Release|Any CPU.Build.0 = Release|Any CPU
		{2BA80CBD-4862-4463-A78B-E3663BB57102}.Debug|Any CPU.ActiveCfg = Debug|Any CPU
		{2BA80CBD-4862-4463-A78B-E3663BB57102}.Debug|Any CPU.Build.0 = Debug|Any CPU
		{2BA80CBD-4862-4463-A78B-E3663BB57102}.Release|Any CPU.ActiveCfg = Release|Any CPU
		{2BA80CBD-4862-4463-A78B-E3663BB57102}.Release|Any CPU.Build.0 = Release|Any CPU
		{8D320F62-8A52-4350-A106-F6C78B8DBE97}.Debug|Any CPU.ActiveCfg = Debug|Any CPU
		{8D320F62-8A52-4350-A106-F6C78B8DBE97}.Debug|Any CPU.Build.0 = Debug|Any CPU
		{8D320F62-8A52-4350-A106-F6C78B8DBE97}.Release|Any CPU.ActiveCfg = Release|Any CPU
		{8D320F62-8A52-4350-A106-F6C78B8DBE97}.Release|Any CPU.Build.0 = Release|Any CPU
	EndGlobalSection
	GlobalSection(SolutionProperties) = preSolution
		HideSolutionNode = FALSE
	EndGlobalSection
	GlobalSection(NestedProjects) = preSolution
		{FCABB03F-4E6A-493B-BEF3-B5F05D1D1CF8} = {6192879B-EC81-48BB-91EF-9737D4807809}
		{8193BD11-FBE0-4B9B-AFF0-6A5B76BB702C} = {6192879B-EC81-48BB-91EF-9737D4807809}
		{26A8A72C-9D80-4BDE-BB81-B354BAC5BE8C} = {6192879B-EC81-48BB-91EF-9737D4807809}
		{62A6A255-E95A-4EF7-8911-011DC2C69C65} = {6192879B-EC81-48BB-91EF-9737D4807809}
		{5EA72873-2627-4B72-A92F-810F48469B50} = {62A6A255-E95A-4EF7-8911-011DC2C69C65}
		{E7FBC49F-872B-496A-ADE4-E24D26D3B3EA} = {26A8A72C-9D80-4BDE-BB81-B354BAC5BE8C}
		{DBA6D8BB-A4A1-4CF7-8D19-267438E9D64F} = {26A8A72C-9D80-4BDE-BB81-B354BAC5BE8C}
		{1DF1C426-4F05-41E7-8061-31771A9B5375} = {6192879B-EC81-48BB-91EF-9737D4807809}
		{D9550AEA-383F-4EAD-889E-23EA8BA4768A} = {1DF1C426-4F05-41E7-8061-31771A9B5375}
		{573126A2-2CC7-4B48-B66F-C6FA5E491F9E} = {6192879B-EC81-48BB-91EF-9737D4807809}
		{40CF678A-742F-4C94-82FF-273C1E867D78} = {573126A2-2CC7-4B48-B66F-C6FA5E491F9E}
		{776C86F4-CC85-4145-B0B1-AA355015BDE5} = {FCABB03F-4E6A-493B-BEF3-B5F05D1D1CF8}
		{A7D6E979-0B94-424F-B3C5-AF0A7A0A8F33} = {FCABB03F-4E6A-493B-BEF3-B5F05D1D1CF8}
		{2BA80CBD-4862-4463-A78B-E3663BB57102} = {8193BD11-FBE0-4B9B-AFF0-6A5B76BB702C}
		{8D320F62-8A52-4350-A106-F6C78B8DBE97} = {1DF1C426-4F05-41E7-8061-31771A9B5375}
		{52DE6F8B-7EA3-4D97-9A1D-BFD40D6A1F34} = {6192879B-EC81-48BB-91EF-9737D4807809}
	EndGlobalSection
	GlobalSection(ExtensibilityGlobals) = postSolution
		SolutionGuid = {3666EC57-C54D-4616-80C3-FB27A18C325F}
	EndGlobalSection
EndGlobal
